
Microsoft Visual Studio Solution File, Format Version 12.00
# Visual Studio Version 17
VisualStudioVersion = 17.5.33502.453
MinimumVisualStudioVersion = 10.0.40219.1
Project("{FAE04EC0-301F-11D3-BF4B-00C04F79EFBC}") = "WebClient", "WebClient.csproj", "{B3004851-39F0-4CD2-A32E-173C163CA6AF}"
EndProject
Global
	GlobalSection(SolutionConfigurationPlatforms) = preSolution
		Debug|Any CPU = Debug|Any CPU
		Release|Any CPU = Release|Any CPU
	EndGlobalSection
	GlobalSection(ProjectConfigurationPlatforms) = postSolution
		{B3004851-39F0-4CD2-A32E-173C163CA6AF}.Debug|Any CPU.ActiveCfg = Debug|Any CPU
		{B3004851-39F0-4CD2-A32E-173C163CA6AF}.Debug|Any CPU.Build.0 = Debug|Any CPU
		{B3004851-39F0-4CD2-A32E-173C163CA6AF}.Release|Any CPU.ActiveCfg = Release|Any CPU
		{B3004851-39F0-4CD2-A32E-173C163CA6AF}.Release|Any CPU.Build.0 = Release|Any CPU
	EndGlobalSection
	GlobalSection(SolutionProperties) = preSolution
		HideSolutionNode = FALSE
	EndGlobalSection
	GlobalSection(ExtensibilityGlobals) = postSolution
		SolutionGuid = {86519CE6-E3D5-41AA-A030-1E1D2714C6A8}
	EndGlobalSection
EndGlobal
